// !$*UTF8*$!
{
	archiveVersion = 1;
	classes = {
	};
	objectVersion = 50;
	objects = {

/* Begin PBXBuildFile section */
		2D09995E26C5B83500834CA9 /* README.md in Resources */ = {isa = PBXBuildFile; fileRef = 2D09995D26C5B83500834CA9 /* README.md */; };
		2D09996326C5C11300834CA9 /* Colors.swift in Sources */ = {isa = PBXBuildFile; fileRef = 2D09996226C5C11300834CA9 /* Colors.swift */; };
		2D2E787626C5C53B00BF7D6A /* Welcome.storyboard in Resources */ = {isa = PBXBuildFile; fileRef = 2D2E787526C5C53B00BF7D6A /* Welcome.storyboard */; };
		2D35291C26C5B51500CB9CBE /* info in Resources */ = {isa = PBXBuildFile; fileRef = 2D35291B26C5B51500CB9CBE /* info */; };
		2D37E50F26985634000D8C20 /* AppDelegate.swift in Sources */ = {isa = PBXBuildFile; fileRef = 2D37E50E26985634000D8C20 /* AppDelegate.swift */; };
		2D37E51126985634000D8C20 /* SceneDelegate.swift in Sources */ = {isa = PBXBuildFile; fileRef = 2D37E51026985634000D8C20 /* SceneDelegate.swift */; };
		2D37E51626985634000D8C20 /* Main.storyboard in Resources */ = {isa = PBXBuildFile; fileRef = 2D37E51426985634000D8C20 /* Main.storyboard */; };
		2D37E51826985636000D8C20 /* Assets.xcassets in Resources */ = {isa = PBXBuildFile; fileRef = 2D37E51726985636000D8C20 /* Assets.xcassets */; };
		2D37E51B26985636000D8C20 /* LaunchScreen.storyboard in Resources */ = {isa = PBXBuildFile; fileRef = 2D37E51926985636000D8C20 /* LaunchScreen.storyboard */; };
		2D37E52626985636000D8C20 /* DailyDoTests.swift in Sources */ = {isa = PBXBuildFile; fileRef = 2D37E52526985636000D8C20 /* DailyDoTests.swift */; };
		2D37E53126985636000D8C20 /* DailyDoUITests.swift in Sources */ = {isa = PBXBuildFile; fileRef = 2D37E53026985636000D8C20 /* DailyDoUITests.swift */; };
		2D3DED9928BA487000CE81E6 /* SpaceViewController.swift in Sources */ = {isa = PBXBuildFile; fileRef = 2D3DED9828BA487000CE81E6 /* SpaceViewController.swift */; };
		2D3DED9B28BA7E6F00CE81E6 /* GlobalValues.swift in Sources */ = {isa = PBXBuildFile; fileRef = 2D3DED9A28BA7E6F00CE81E6 /* GlobalValues.swift */; };
		2D43E5D62698FA6B005E8172 /* Settings.storyboard in Resources */ = {isa = PBXBuildFile; fileRef = 2D43E5D52698FA6B005E8172 /* Settings.storyboard */; };
		2D43E5DA26990440005E8172 /* SettingsNC.swift in Sources */ = {isa = PBXBuildFile; fileRef = 2D43E5D926990440005E8172 /* SettingsNC.swift */; };
		2D43E5DC26991253005E8172 /* ToDoToday.storyboard in Resources */ = {isa = PBXBuildFile; fileRef = 2D43E5DB26991253005E8172 /* ToDoToday.storyboard */; };
		2D56662D28CA2D8900760D55 /* SpaceTableViewCell.swift in Sources */ = {isa = PBXBuildFile; fileRef = 2D56662C28CA2D8900760D55 /* SpaceTableViewCell.swift */; };
		2D56662F28CA694400760D55 /* Ideas in Resources */ = {isa = PBXBuildFile; fileRef = 2D56662E28CA694400760D55 /* Ideas */; };
		2D6BEDBE2699B64F00ED33E9 /* MainTabBar.swift in Sources */ = {isa = PBXBuildFile; fileRef = 2D6BEDBD2699B64F00ED33E9 /* MainTabBar.swift */; };
		2DBC38B927EF5E340074BD14 /* ToDoTodayNC.swift in Sources */ = {isa = PBXBuildFile; fileRef = 2DBC38B827EF5E340074BD14 /* ToDoTodayNC.swift */; };
		2DBC38C027EF85E40074BD14 /* WelcomeViewController.swift in Sources */ = {isa = PBXBuildFile; fileRef = 2DBC38BF27EF85E40074BD14 /* WelcomeViewController.swift */; };
		2DBC38C327EF88FC0074BD14 /* ToDoTodayViewController.swift in Sources */ = {isa = PBXBuildFile; fileRef = 2DBC38C227EF88FC0074BD14 /* ToDoTodayViewController.swift */; };
		2DFB4DCE26C5C8B9000EA20F /* Space.storyboard in Resources */ = {isa = PBXBuildFile; fileRef = 2DFB4DCD26C5C8B9000EA20F /* Space.storyboard */; };
		2DFB4DD226C5CB73000EA20F /* AddTask.storyboard in Resources */ = {isa = PBXBuildFile; fileRef = 2DFB4DD126C5CB73000EA20F /* AddTask.storyboard */; };
		2DFB4DD426C5CBEA000EA20F /* AddTaskNC.swift in Sources */ = {isa = PBXBuildFile; fileRef = 2DFB4DD326C5CBEA000EA20F /* AddTaskNC.swift */; };
		2DFB4DD626C5CD91000EA20F /* UIView Apperance.swift in Sources */ = {isa = PBXBuildFile; fileRef = 2DFB4DD526C5CD91000EA20F /* UIView Apperance.swift */; };
		2DFB4DDD26C6608F000EA20F /* SpaceNC.swift in Sources */ = {isa = PBXBuildFile; fileRef = 2DFB4DDC26C6608F000EA20F /* SpaceNC.swift */; };
		2DFB4DE626C666E9000EA20F /* WelcomeNC.swift in Sources */ = {isa = PBXBuildFile; fileRef = 2DFB4DE526C666E9000EA20F /* WelcomeNC.swift */; };
/* End PBXBuildFile section */

/* Begin PBXContainerItemProxy section */
		2D37E52226985636000D8C20 /* PBXContainerItemProxy */ = {
			isa = PBXContainerItemProxy;
			containerPortal = 2D37E50326985634000D8C20 /* Project object */;
			proxyType = 1;
			remoteGlobalIDString = 2D37E50A26985634000D8C20;
			remoteInfo = DailyDo;
		};
		2D37E52D26985636000D8C20 /* PBXContainerItemProxy */ = {
			isa = PBXContainerItemProxy;
			containerPortal = 2D37E50326985634000D8C20 /* Project object */;
			proxyType = 1;
			remoteGlobalIDString = 2D37E50A26985634000D8C20;
			remoteInfo = DailyDo;
		};
/* End PBXContainerItemProxy section */

/* Begin PBXFileReference section */
		2D09995D26C5B83500834CA9 /* README.md */ = {isa = PBXFileReference; fileEncoding = 4; lastKnownFileType = net.daringfireball.markdown; path = README.md; sourceTree = "<group>"; };
		2D09996226C5C11300834CA9 /* Colors.swift */ = {isa = PBXFileReference; lastKnownFileType = sourcecode.swift; path = Colors.swift; sourceTree = "<group>"; };
		2D2E787526C5C53B00BF7D6A /* Welcome.storyboard */ = {isa = PBXFileReference; lastKnownFileType = file.storyboard; path = Welcome.storyboard; sourceTree = "<group>"; };
		2D35291B26C5B51500CB9CBE /* info */ = {isa = PBXFileReference; lastKnownFileType = text; path = info; sourceTree = "<group>"; };
		2D37E50B26985634000D8C20 /* DailyDo.app */ = {isa = PBXFileReference; explicitFileType = wrapper.application; includeInIndex = 0; path = DailyDo.app; sourceTree = BUILT_PRODUCTS_DIR; };
		2D37E50E26985634000D8C20 /* AppDelegate.swift */ = {isa = PBXFileReference; lastKnownFileType = sourcecode.swift; path = AppDelegate.swift; sourceTree = "<group>"; };
		2D37E51026985634000D8C20 /* SceneDelegate.swift */ = {isa = PBXFileReference; lastKnownFileType = sourcecode.swift; path = SceneDelegate.swift; sourceTree = "<group>"; };
		2D37E51526985634000D8C20 /* Base */ = {isa = PBXFileReference; lastKnownFileType = file.storyboard; name = Base; path = Base.lproj/Main.storyboard; sourceTree = "<group>"; };
		2D37E51726985636000D8C20 /* Assets.xcassets */ = {isa = PBXFileReference; lastKnownFileType = folder.assetcatalog; path = Assets.xcassets; sourceTree = "<group>"; };
		2D37E51A26985636000D8C20 /* Base */ = {isa = PBXFileReference; lastKnownFileType = file.storyboard; name = Base; path = Base.lproj/LaunchScreen.storyboard; sourceTree = "<group>"; };
		2D37E51C26985636000D8C20 /* Info.plist */ = {isa = PBXFileReference; lastKnownFileType = text.plist.xml; path = Info.plist; sourceTree = "<group>"; };
		2D37E52126985636000D8C20 /* DailyDoTests.xctest */ = {isa = PBXFileReference; explicitFileType = wrapper.cfbundle; includeInIndex = 0; path = DailyDoTests.xctest; sourceTree = BUILT_PRODUCTS_DIR; };
		2D37E52526985636000D8C20 /* DailyDoTests.swift */ = {isa = PBXFileReference; lastKnownFileType = sourcecode.swift; path = DailyDoTests.swift; sourceTree = "<group>"; };
		2D37E52726985636000D8C20 /* Info.plist */ = {isa = PBXFileReference; lastKnownFileType = text.plist.xml; path = Info.plist; sourceTree = "<group>"; };
		2D37E52C26985636000D8C20 /* DailyDoUITests.xctest */ = {isa = PBXFileReference; explicitFileType = wrapper.cfbundle; includeInIndex = 0; path = DailyDoUITests.xctest; sourceTree = BUILT_PRODUCTS_DIR; };
		2D37E53026985636000D8C20 /* DailyDoUITests.swift */ = {isa = PBXFileReference; lastKnownFileType = sourcecode.swift; path = DailyDoUITests.swift; sourceTree = "<group>"; };
		2D37E53226985636000D8C20 /* Info.plist */ = {isa = PBXFileReference; lastKnownFileType = text.plist.xml; path = Info.plist; sourceTree = "<group>"; };
		2D3DED9828BA487000CE81E6 /* SpaceViewController.swift */ = {isa = PBXFileReference; lastKnownFileType = sourcecode.swift; path = SpaceViewController.swift; sourceTree = "<group>"; };
		2D3DED9A28BA7E6F00CE81E6 /* GlobalValues.swift */ = {isa = PBXFileReference; lastKnownFileType = sourcecode.swift; path = GlobalValues.swift; sourceTree = "<group>"; };
		2D43E5D52698FA6B005E8172 /* Settings.storyboard */ = {isa = PBXFileReference; lastKnownFileType = file.storyboard; path = Settings.storyboard; sourceTree = "<group>"; };
		2D43E5D926990440005E8172 /* SettingsNC.swift */ = {isa = PBXFileReference; lastKnownFileType = sourcecode.swift; path = SettingsNC.swift; sourceTree = "<group>"; };
		2D43E5DB26991253005E8172 /* ToDoToday.storyboard */ = {isa = PBXFileReference; lastKnownFileType = file.storyboard; path = ToDoToday.storyboard; sourceTree = "<group>"; };
		2D56662C28CA2D8900760D55 /* SpaceTableViewCell.swift */ = {isa = PBXFileReference; lastKnownFileType = sourcecode.swift; path = SpaceTableViewCell.swift; sourceTree = "<group>"; };
		2D56662E28CA694400760D55 /* Ideas */ = {isa = PBXFileReference; lastKnownFileType = text; path = Ideas; sourceTree = "<group>"; };
		2D6BEDBD2699B64F00ED33E9 /* MainTabBar.swift */ = {isa = PBXFileReference; lastKnownFileType = sourcecode.swift; path = MainTabBar.swift; sourceTree = "<group>"; };
		2DBC38B827EF5E340074BD14 /* ToDoTodayNC.swift */ = {isa = PBXFileReference; lastKnownFileType = sourcecode.swift; path = ToDoTodayNC.swift; sourceTree = "<group>"; };
		2DBC38BF27EF85E40074BD14 /* WelcomeViewController.swift */ = {isa = PBXFileReference; lastKnownFileType = sourcecode.swift; path = WelcomeViewController.swift; sourceTree = "<group>"; };
		2DBC38C227EF88FC0074BD14 /* ToDoTodayViewController.swift */ = {isa = PBXFileReference; lastKnownFileType = sourcecode.swift; path = ToDoTodayViewController.swift; sourceTree = "<group>"; };
		2DFB4DCD26C5C8B9000EA20F /* Space.storyboard */ = {isa = PBXFileReference; lastKnownFileType = file.storyboard; path = Space.storyboard; sourceTree = "<group>"; };
		2DFB4DD126C5CB73000EA20F /* AddTask.storyboard */ = {isa = PBXFileReference; lastKnownFileType = file.storyboard; path = AddTask.storyboard; sourceTree = "<group>"; };
		2DFB4DD326C5CBEA000EA20F /* AddTaskNC.swift */ = {isa = PBXFileReference; lastKnownFileType = sourcecode.swift; path = AddTaskNC.swift; sourceTree = "<group>"; };
		2DFB4DD526C5CD91000EA20F /* UIView Apperance.swift */ = {isa = PBXFileReference; lastKnownFileType = sourcecode.swift; path = "UIView Apperance.swift"; sourceTree = "<group>"; };
		2DFB4DDC26C6608F000EA20F /* SpaceNC.swift */ = {isa = PBXFileReference; lastKnownFileType = sourcecode.swift; path = SpaceNC.swift; sourceTree = "<group>"; };
		2DFB4DE526C666E9000EA20F /* WelcomeNC.swift */ = {isa = PBXFileReference; lastKnownFileType = sourcecode.swift; path = WelcomeNC.swift; sourceTree = "<group>"; };
/* End PBXFileReference section */

/* Begin PBXFrameworksBuildPhase section */
		2D37E50826985634000D8C20 /* Frameworks */ = {
			isa = PBXFrameworksBuildPhase;
			buildActionMask = 2147483647;
			files = (
			);
			runOnlyForDeploymentPostprocessing = 0;
		};
		2D37E51E26985636000D8C20 /* Frameworks */ = {
			isa = PBXFrameworksBuildPhase;
			buildActionMask = 2147483647;
			files = (
			);
			runOnlyForDeploymentPostprocessing = 0;
		};
		2D37E52926985636000D8C20 /* Frameworks */ = {
			isa = PBXFrameworksBuildPhase;
			buildActionMask = 2147483647;
			files = (
			);
			runOnlyForDeploymentPostprocessing = 0;
		};
/* End PBXFrameworksBuildPhase section */

/* Begin PBXGroup section */
		2D09996126C5C05C00834CA9 /* View */ = {
			isa = PBXGroup;
			children = (
				2D56662A28CA29AF00760D55 /* ToDoToday */,
				2D56662928CA299A00760D55 /* Welcome */,
				2D56662828CA298C00760D55 /* Space */,
				2D6BEDBA2699B22B00ED33E9 /* ViewExtentions */,
			);
			path = View;
			sourceTree = "<group>";
		};
		2D35291926C5B2A300CB9CBE /* Model */ = {
			isa = PBXGroup;
			children = (
				2D56662B28CA2D4600760D55 /* SpaceCell */,
			);
			path = Model;
			sourceTree = "<group>";
		};
		2D35291A26C5B4E100CB9CBE /* Constants */ = {
			isa = PBXGroup;
			children = (
				2D09996226C5C11300834CA9 /* Colors.swift */,
			);
			path = Constants;
			sourceTree = "<group>";
		};
		2D37E50226985634000D8C20 = {
			isa = PBXGroup;
			children = (
				2D56662E28CA694400760D55 /* Ideas */,
				2D35291B26C5B51500CB9CBE /* info */,
				2D09995D26C5B83500834CA9 /* README.md */,
				2D37E50D26985634000D8C20 /* DailyDo */,
				2D37E52426985636000D8C20 /* DailyDoTests */,
				2D37E52F26985636000D8C20 /* DailyDoUITests */,
				2D37E50C26985634000D8C20 /* Products */,
			);
			sourceTree = "<group>";
		};
		2D37E50C26985634000D8C20 /* Products */ = {
			isa = PBXGroup;
			children = (
				2D37E50B26985634000D8C20 /* DailyDo.app */,
				2D37E52126985636000D8C20 /* DailyDoTests.xctest */,
				2D37E52C26985636000D8C20 /* DailyDoUITests.xctest */,
			);
			name = Products;
			sourceTree = "<group>";
		};
		2D37E50D26985634000D8C20 /* DailyDo */ = {
			isa = PBXGroup;
			children = (
				2D37E50E26985634000D8C20 /* AppDelegate.swift */,
				2D37E51026985634000D8C20 /* SceneDelegate.swift */,
				2D3DED9A28BA7E6F00CE81E6 /* GlobalValues.swift */,
				2D35291A26C5B4E100CB9CBE /* Constants */,
				2D35291926C5B2A300CB9CBE /* Model */,
				2D09996126C5C05C00834CA9 /* View */,
				2D6BEDB72699ADC100ED33E9 /* Controller */,
				2D43E5D22698F79E005E8172 /* Storyboards */,
				2D37E51726985636000D8C20 /* Assets.xcassets */,
				2D37E51C26985636000D8C20 /* Info.plist */,
			);
			path = DailyDo;
			sourceTree = "<group>";
		};
		2D37E52426985636000D8C20 /* DailyDoTests */ = {
			isa = PBXGroup;
			children = (
				2D37E52526985636000D8C20 /* DailyDoTests.swift */,
				2D37E52726985636000D8C20 /* Info.plist */,
			);
			path = DailyDoTests;
			sourceTree = "<group>";
		};
		2D37E52F26985636000D8C20 /* DailyDoUITests */ = {
			isa = PBXGroup;
			children = (
				2D37E53026985636000D8C20 /* DailyDoUITests.swift */,
				2D37E53226985636000D8C20 /* Info.plist */,
			);
			path = DailyDoUITests;
			sourceTree = "<group>";
		};
		2D43E5D22698F79E005E8172 /* Storyboards */ = {
			isa = PBXGroup;
			children = (
				2D37E51426985634000D8C20 /* Main.storyboard */,
				2D43E5D52698FA6B005E8172 /* Settings.storyboard */,
				2D43E5DB26991253005E8172 /* ToDoToday.storyboard */,
				2D2E787526C5C53B00BF7D6A /* Welcome.storyboard */,
				2DFB4DCD26C5C8B9000EA20F /* Space.storyboard */,
				2DFB4DD126C5CB73000EA20F /* AddTask.storyboard */,
				2D37E51926985636000D8C20 /* LaunchScreen.storyboard */,
			);
			path = Storyboards;
			sourceTree = "<group>";
		};
		2D56662828CA298C00760D55 /* Space */ = {
			isa = PBXGroup;
			children = (
				2D3DED9828BA487000CE81E6 /* SpaceViewController.swift */,
			);
			path = Space;
			sourceTree = "<group>";
		};
		2D56662928CA299A00760D55 /* Welcome */ = {
			isa = PBXGroup;
			children = (
				2DBC38BF27EF85E40074BD14 /* WelcomeViewController.swift */,
			);
			path = Welcome;
			sourceTree = "<group>";
		};
		2D56662A28CA29AF00760D55 /* ToDoToday */ = {
			isa = PBXGroup;
			children = (
				2DBC38C227EF88FC0074BD14 /* ToDoTodayViewController.swift */,
			);
			path = ToDoToday;
			sourceTree = "<group>";
		};
		2D56662B28CA2D4600760D55 /* SpaceCell */ = {
			isa = PBXGroup;
			children = (
				2D56662C28CA2D8900760D55 /* SpaceTableViewCell.swift */,
			);
			path = SpaceCell;
			sourceTree = "<group>";
		};
		2D6BEDB72699ADC100ED33E9 /* Controller */ = {
			isa = PBXGroup;
			children = (
				2DFB4DE226C6633B000EA20F /* AddTask */,
				2DFB4DE126C66322000EA20F /* MainTabBar */,
				2DFB4DE026C66315000EA20F /* ToDoToday */,
				2DFB4DDF26C66307000EA20F /* Settings */,
				2DFB4DDE26C662FD000EA20F /* Welcome */,
				2DFB4DDB26C6606E000EA20F /* Space */,
			);
			path = Controller;
			sourceTree = "<group>";
		};
		2D6BEDBA2699B22B00ED33E9 /* ViewExtentions */ = {
			isa = PBXGroup;
			children = (
				2DFB4DD526C5CD91000EA20F /* UIView Apperance.swift */,
			);
			path = ViewExtentions;
			sourceTree = "<group>";
		};
		2DFB4DDB26C6606E000EA20F /* Space */ = {
			isa = PBXGroup;
			children = (
				2DFB4DDC26C6608F000EA20F /* SpaceNC.swift */,
			);
			path = Space;
			sourceTree = "<group>";
		};
		2DFB4DDE26C662FD000EA20F /* Welcome */ = {
			isa = PBXGroup;
			children = (
				2DFB4DE526C666E9000EA20F /* WelcomeNC.swift */,
			);
			path = Welcome;
			sourceTree = "<group>";
		};
		2DFB4DDF26C66307000EA20F /* Settings */ = {
			isa = PBXGroup;
			children = (
				2D43E5D926990440005E8172 /* SettingsNC.swift */,
			);
			path = Settings;
			sourceTree = "<group>";
		};
		2DFB4DE026C66315000EA20F /* ToDoToday */ = {
			isa = PBXGroup;
			children = (
				2DBC38B827EF5E340074BD14 /* ToDoTodayNC.swift */,
			);
			path = ToDoToday;
			sourceTree = "<group>";
		};
		2DFB4DE126C66322000EA20F /* MainTabBar */ = {
			isa = PBXGroup;
			children = (
				2D6BEDBD2699B64F00ED33E9 /* MainTabBar.swift */,
			);
			path = MainTabBar;
			sourceTree = "<group>";
		};
		2DFB4DE226C6633B000EA20F /* AddTask */ = {
			isa = PBXGroup;
			children = (
				2DFB4DD326C5CBEA000EA20F /* AddTaskNC.swift */,
			);
			path = AddTask;
			sourceTree = "<group>";
		};
/* End PBXGroup section */

/* Begin PBXNativeTarget section */
		2D37E50A26985634000D8C20 /* DailyDo */ = {
			isa = PBXNativeTarget;
			buildConfigurationList = 2D37E53526985636000D8C20 /* Build configuration list for PBXNativeTarget "DailyDo" */;
			buildPhases = (
				2D37E50726985634000D8C20 /* Sources */,
				2D37E50826985634000D8C20 /* Frameworks */,
				2D37E50926985634000D8C20 /* Resources */,
			);
			buildRules = (
			);
			dependencies = (
			);
			name = DailyDo;
			productName = DailyDo;
			productReference = 2D37E50B26985634000D8C20 /* DailyDo.app */;
			productType = "com.apple.product-type.application";
		};
		2D37E52026985636000D8C20 /* DailyDoTests */ = {
			isa = PBXNativeTarget;
			buildConfigurationList = 2D37E53826985636000D8C20 /* Build configuration list for PBXNativeTarget "DailyDoTests" */;
			buildPhases = (
				2D37E51D26985636000D8C20 /* Sources */,
				2D37E51E26985636000D8C20 /* Frameworks */,
				2D37E51F26985636000D8C20 /* Resources */,
			);
			buildRules = (
			);
			dependencies = (
				2D37E52326985636000D8C20 /* PBXTargetDependency */,
			);
			name = DailyDoTests;
			productName = DailyDoTests;
			productReference = 2D37E52126985636000D8C20 /* DailyDoTests.xctest */;
			productType = "com.apple.product-type.bundle.unit-test";
		};
		2D37E52B26985636000D8C20 /* DailyDoUITests */ = {
			isa = PBXNativeTarget;
			buildConfigurationList = 2D37E53B26985636000D8C20 /* Build configuration list for PBXNativeTarget "DailyDoUITests" */;
			buildPhases = (
				2D37E52826985636000D8C20 /* Sources */,
				2D37E52926985636000D8C20 /* Frameworks */,
				2D37E52A26985636000D8C20 /* Resources */,
			);
			buildRules = (
			);
			dependencies = (
				2D37E52E26985636000D8C20 /* PBXTargetDependency */,
			);
			name = DailyDoUITests;
			productName = DailyDoUITests;
			productReference = 2D37E52C26985636000D8C20 /* DailyDoUITests.xctest */;
			productType = "com.apple.product-type.bundle.ui-testing";
		};
/* End PBXNativeTarget section */

/* Begin PBXProject section */
		2D37E50326985634000D8C20 /* Project object */ = {
			isa = PBXProject;
			attributes = {
				LastSwiftUpdateCheck = 1250;
				LastUpgradeCheck = 1250;
				TargetAttributes = {
					2D37E50A26985634000D8C20 = {
						CreatedOnToolsVersion = 12.5.1;
					};
					2D37E52026985636000D8C20 = {
						CreatedOnToolsVersion = 12.5.1;
						TestTargetID = 2D37E50A26985634000D8C20;
					};
					2D37E52B26985636000D8C20 = {
						CreatedOnToolsVersion = 12.5.1;
						TestTargetID = 2D37E50A26985634000D8C20;
					};
				};
			};
			buildConfigurationList = 2D37E50626985634000D8C20 /* Build configuration list for PBXProject "DailyDo" */;
			compatibilityVersion = "Xcode 9.3";
			developmentRegion = en;
			hasScannedForEncodings = 0;
			knownRegions = (
				en,
				Base,
			);
			mainGroup = 2D37E50226985634000D8C20;
			productRefGroup = 2D37E50C26985634000D8C20 /* Products */;
			projectDirPath = "";
			projectRoot = "";
			targets = (
				2D37E50A26985634000D8C20 /* DailyDo */,
				2D37E52026985636000D8C20 /* DailyDoTests */,
				2D37E52B26985636000D8C20 /* DailyDoUITests */,
			);
		};
/* End PBXProject section */

/* Begin PBXResourcesBuildPhase section */
		2D37E50926985634000D8C20 /* Resources */ = {
			isa = PBXResourcesBuildPhase;
			buildActionMask = 2147483647;
			files = (
				2DFB4DCE26C5C8B9000EA20F /* Space.storyboard in Resources */,
				2D43E5DC26991253005E8172 /* ToDoToday.storyboard in Resources */,
				2D56662F28CA694400760D55 /* Ideas in Resources */,
				2D37E51B26985636000D8C20 /* LaunchScreen.storyboard in Resources */,
				2D35291C26C5B51500CB9CBE /* info in Resources */,
				2D37E51826985636000D8C20 /* Assets.xcassets in Resources */,
				2D2E787626C5C53B00BF7D6A /* Welcome.storyboard in Resources */,
				2D37E51626985634000D8C20 /* Main.storyboard in Resources */,
				2D09995E26C5B83500834CA9 /* README.md in Resources */,
				2D43E5D62698FA6B005E8172 /* Settings.storyboard in Resources */,
				2DFB4DD226C5CB73000EA20F /* AddTask.storyboard in Resources */,
			);
			runOnlyForDeploymentPostprocessing = 0;
		};
		2D37E51F26985636000D8C20 /* Resources */ = {
			isa = PBXResourcesBuildPhase;
			buildActionMask = 2147483647;
			files = (
			);
			runOnlyForDeploymentPostprocessing = 0;
		};
		2D37E52A26985636000D8C20 /* Resources */ = {
			isa = PBXResourcesBuildPhase;
			buildActionMask = 2147483647;
			files = (
			);
			runOnlyForDeploymentPostprocessing = 0;
		};
/* End PBXResourcesBuildPhase section */

/* Begin PBXSourcesBuildPhase section */
		2D37E50726985634000D8C20 /* Sources */ = {
			isa = PBXSourcesBuildPhase;
			buildActionMask = 2147483647;
			files = (
				2D3DED9928BA487000CE81E6 /* SpaceViewController.swift in Sources */,
				2D37E50F26985634000D8C20 /* AppDelegate.swift in Sources */,
				2DBC38B927EF5E340074BD14 /* ToDoTodayNC.swift in Sources */,
				2DFB4DD626C5CD91000EA20F /* UIView Apperance.swift in Sources */,
				2DFB4DE626C666E9000EA20F /* WelcomeNC.swift in Sources */,
				2D09996326C5C11300834CA9 /* Colors.swift in Sources */,
				2DFB4DD426C5CBEA000EA20F /* AddTaskNC.swift in Sources */,
				2D56662D28CA2D8900760D55 /* SpaceTableViewCell.swift in Sources */,
				2DBC38C027EF85E40074BD14 /* WelcomeViewController.swift in Sources */,
				2D6BEDBE2699B64F00ED33E9 /* MainTabBar.swift in Sources */,
				2D43E5DA26990440005E8172 /* SettingsNC.swift in Sources */,
				2DFB4DDD26C6608F000EA20F /* SpaceNC.swift in Sources */,
				2D37E51126985634000D8C20 /* SceneDelegate.swift in Sources */,
				2DBC38C327EF88FC0074BD14 /* ToDoTodayViewController.swift in Sources */,
				2D3DED9B28BA7E6F00CE81E6 /* GlobalValues.swift in Sources */,
			);
			runOnlyForDeploymentPostprocessing = 0;
		};
		2D37E51D26985636000D8C20 /* Sources */ = {
			isa = PBXSourcesBuildPhase;
			buildActionMask = 2147483647;
			files = (
				2D37E52626985636000D8C20 /* DailyDoTests.swift in Sources */,
			);
			runOnlyForDeploymentPostprocessing = 0;
		};
		2D37E52826985636000D8C20 /* Sources */ = {
			isa = PBXSourcesBuildPhase;
			buildActionMask = 2147483647;
			files = (
				2D37E53126985636000D8C20 /* DailyDoUITests.swift in Sources */,
			);
			runOnlyForDeploymentPostprocessing = 0;
		};
/* End PBXSourcesBuildPhase section */

/* Begin PBXTargetDependency section */
		2D37E52326985636000D8C20 /* PBXTargetDependency */ = {
			isa = PBXTargetDependency;
			target = 2D37E50A26985634000D8C20 /* DailyDo */;
			targetProxy = 2D37E52226985636000D8C20 /* PBXContainerItemProxy */;
		};
		2D37E52E26985636000D8C20 /* PBXTargetDependency */ = {
			isa = PBXTargetDependency;
			target = 2D37E50A26985634000D8C20 /* DailyDo */;
			targetProxy = 2D37E52D26985636000D8C20 /* PBXContainerItemProxy */;
		};
/* End PBXTargetDependency section */

/* Begin PBXVariantGroup section */
		2D37E51426985634000D8C20 /* Main.storyboard */ = {
			isa = PBXVariantGroup;
			children = (
				2D37E51526985634000D8C20 /* Base */,
			);
			name = Main.storyboard;
			sourceTree = "<group>";
		};
		2D37E51926985636000D8C20 /* LaunchScreen.storyboard */ = {
			isa = PBXVariantGroup;
			children = (
				2D37E51A26985636000D8C20 /* Base */,
			);
			name = LaunchScreen.storyboard;
			sourceTree = "<group>";
		};
/* End PBXVariantGroup section */

/* Begin XCBuildConfiguration section */
		2D37E53326985636000D8C20 /* Debug */ = {
			isa = XCBuildConfiguration;
			buildSettings = {
				ALWAYS_SEARCH_USER_PATHS = NO;
				CLANG_ANALYZER_NONNULL = YES;
				CLANG_ANALYZER_NUMBER_OBJECT_CONVERSION = YES_AGGRESSIVE;
				CLANG_CXX_LANGUAGE_STANDARD = "gnu++14";
				CLANG_CXX_LIBRARY = "libc++";
				CLANG_ENABLE_MODULES = YES;
				CLANG_ENABLE_OBJC_ARC = YES;
				CLANG_ENABLE_OBJC_WEAK = YES;
				CLANG_WARN_BLOCK_CAPTURE_AUTORELEASING = YES;
				CLANG_WARN_BOOL_CONVERSION = YES;
				CLANG_WARN_COMMA = YES;
				CLANG_WARN_CONSTANT_CONVERSION = YES;
				CLANG_WARN_DEPRECATED_OBJC_IMPLEMENTATIONS = YES;
				CLANG_WARN_DIRECT_OBJC_ISA_USAGE = YES_ERROR;
				CLANG_WARN_DOCUMENTATION_COMMENTS = YES;
				CLANG_WARN_EMPTY_BODY = YES;
				CLANG_WARN_ENUM_CONVERSION = YES;
				CLANG_WARN_INFINITE_RECURSION = YES;
				CLANG_WARN_INT_CONVERSION = YES;
				CLANG_WARN_NON_LITERAL_NULL_CONVERSION = YES;
				CLANG_WARN_OBJC_IMPLICIT_RETAIN_SELF = YES;
				CLANG_WARN_OBJC_LITERAL_CONVERSION = YES;
				CLANG_WARN_OBJC_ROOT_CLASS = YES_ERROR;
				CLANG_WARN_QUOTED_INCLUDE_IN_FRAMEWORK_HEADER = YES;
				CLANG_WARN_RANGE_LOOP_ANALYSIS = YES;
				CLANG_WARN_STRICT_PROTOTYPES = YES;
				CLANG_WARN_SUSPICIOUS_MOVE = YES;
				CLANG_WARN_UNGUARDED_AVAILABILITY = YES_AGGRESSIVE;
				CLANG_WARN_UNREACHABLE_CODE = YES;
				CLANG_WARN__DUPLICATE_METHOD_MATCH = YES;
				COPY_PHASE_STRIP = NO;
				DEBUG_INFORMATION_FORMAT = dwarf;
				ENABLE_STRICT_OBJC_MSGSEND = YES;
				ENABLE_TESTABILITY = YES;
				GCC_C_LANGUAGE_STANDARD = gnu11;
				GCC_DYNAMIC_NO_PIC = NO;
				GCC_NO_COMMON_BLOCKS = YES;
				GCC_OPTIMIZATION_LEVEL = 0;
				GCC_PREPROCESSOR_DEFINITIONS = (
					"DEBUG=1",
					"$(inherited)",
				);
				GCC_WARN_64_TO_32_BIT_CONVERSION = YES;
				GCC_WARN_ABOUT_RETURN_TYPE = YES_ERROR;
				GCC_WARN_UNDECLARED_SELECTOR = YES;
				GCC_WARN_UNINITIALIZED_AUTOS = YES_AGGRESSIVE;
				GCC_WARN_UNUSED_FUNCTION = YES;
				GCC_WARN_UNUSED_VARIABLE = YES;
				IPHONEOS_DEPLOYMENT_TARGET = 14.5;
				MTL_ENABLE_DEBUG_INFO = INCLUDE_SOURCE;
				MTL_FAST_MATH = YES;
				ONLY_ACTIVE_ARCH = YES;
				SDKROOT = iphoneos;
				SWIFT_ACTIVE_COMPILATION_CONDITIONS = DEBUG;
				SWIFT_OPTIMIZATION_LEVEL = "-Onone";
			};
			name = Debug;
		};
		2D37E53426985636000D8C20 /* Release */ = {
			isa = XCBuildConfiguration;
			buildSettings = {
				ALWAYS_SEARCH_USER_PATHS = NO;
				CLANG_ANALYZER_NONNULL = YES;
				CLANG_ANALYZER_NUMBER_OBJECT_CONVERSION = YES_AGGRESSIVE;
				CLANG_CXX_LANGUAGE_STANDARD = "gnu++14";
				CLANG_CXX_LIBRARY = "libc++";
				CLANG_ENABLE_MODULES = YES;
				CLANG_ENABLE_OBJC_ARC = YES;
				CLANG_ENABLE_OBJC_WEAK = YES;
				CLANG_WARN_BLOCK_CAPTURE_AUTORELEASING = YES;
				CLANG_WARN_BOOL_CONVERSION = YES;
				CLANG_WARN_COMMA = YES;
				CLANG_WARN_CONSTANT_CONVERSION = YES;
				CLANG_WARN_DEPRECATED_OBJC_IMPLEMENTATIONS = YES;
				CLANG_WARN_DIRECT_OBJC_ISA_USAGE = YES_ERROR;
				CLANG_WARN_DOCUMENTATION_COMMENTS = YES;
				CLANG_WARN_EMPTY_BODY = YES;
				CLANG_WARN_ENUM_CONVERSION = YES;
				CLANG_WARN_INFINITE_RECURSION = YES;
				CLANG_WARN_INT_CONVERSION = YES;
				CLANG_WARN_NON_LITERAL_NULL_CONVERSION = YES;
				CLANG_WARN_OBJC_IMPLICIT_RETAIN_SELF = YES;
				CLANG_WARN_OBJC_LITERAL_CONVERSION = YES;
				CLANG_WARN_OBJC_ROOT_CLASS = YES_ERROR;
				CLANG_WARN_QUOTED_INCLUDE_IN_FRAMEWORK_HEADER = YES;
				CLANG_WARN_RANGE_LOOP_ANALYSIS = YES;
				CLANG_WARN_STRICT_PROTOTYPES = YES;
				CLANG_WARN_SUSPICIOUS_MOVE = YES;
				CLANG_WARN_UNGUARDED_AVAILABILITY = YES_AGGRESSIVE;
				CLANG_WARN_UNREACHABLE_CODE = YES;
				CLANG_WARN__DUPLICATE_METHOD_MATCH = YES;
				COPY_PHASE_STRIP = NO;
				DEBUG_INFORMATION_FORMAT = "dwarf-with-dsym";
				ENABLE_NS_ASSERTIONS = NO;
				ENABLE_STRICT_OBJC_MSGSEND = YES;
				GCC_C_LANGUAGE_STANDARD = gnu11;
				GCC_NO_COMMON_BLOCKS = YES;
				GCC_WARN_64_TO_32_BIT_CONVERSION = YES;
				GCC_WARN_ABOUT_RETURN_TYPE = YES_ERROR;
				GCC_WARN_UNDECLARED_SELECTOR = YES;
				GCC_WARN_UNINITIALIZED_AUTOS = YES_AGGRESSIVE;
				GCC_WARN_UNUSED_FUNCTION = YES;
				GCC_WARN_UNUSED_VARIABLE = YES;
				IPHONEOS_DEPLOYMENT_TARGET = 14.5;
				MTL_ENABLE_DEBUG_INFO = NO;
				MTL_FAST_MATH = YES;
				SDKROOT = iphoneos;
				SWIFT_COMPILATION_MODE = wholemodule;
				SWIFT_OPTIMIZATION_LEVEL = "-O";
				VALIDATE_PRODUCT = YES;
			};
			name = Release;
		};
		2D37E53626985636000D8C20 /* Debug */ = {
			isa = XCBuildConfiguration;
			buildSettings = {
				ASSETCATALOG_COMPILER_APPICON_NAME = AppIcon;
				ASSETCATALOG_COMPILER_GLOBAL_ACCENT_COLOR_NAME = AccentColor;
				CODE_SIGN_STYLE = Automatic;
				DEVELOPMENT_TEAM = X53XBAVA4P;
				INFOPLIST_FILE = DailyDo/Info.plist;
				IPHONEOS_DEPLOYMENT_TARGET = 14.5;
				LD_RUNPATH_SEARCH_PATHS = (
					"$(inherited)",
					"@executable_path/Frameworks",
				);
				PRODUCT_BUNDLE_IDENTIFIER = com.patryksolinski.DailyDo;
				PRODUCT_NAME = "$(TARGET_NAME)";
				SWIFT_VERSION = 5.0;
				TARGETED_DEVICE_FAMILY = 1;
			};
			name = Debug;
		};
		2D37E53726985636000D8C20 /* Release */ = {
			isa = XCBuildConfiguration;
			buildSettings = {
				ASSETCATALOG_COMPILER_APPICON_NAME = AppIcon;
				ASSETCATALOG_COMPILER_GLOBAL_ACCENT_COLOR_NAME = AccentColor;
				CODE_SIGN_STYLE = Automatic;
				DEVELOPMENT_TEAM = X53XBAVA4P;
				INFOPLIST_FILE = DailyDo/Info.plist;
				IPHONEOS_DEPLOYMENT_TARGET = 14.5;
				LD_RUNPATH_SEARCH_PATHS = (
					"$(inherited)",
					"@executable_path/Frameworks",
				);
				PRODUCT_BUNDLE_IDENTIFIER = com.patryksolinski.DailyDo;
				PRODUCT_NAME = "$(TARGET_NAME)";
				SWIFT_VERSION = 5.0;
				TARGETED_DEVICE_FAMILY = 1;
			};
			name = Release;
		};
		2D37E53926985636000D8C20 /* Debug */ = {
			isa = XCBuildConfiguration;
			buildSettings = {
				ALWAYS_EMBED_SWIFT_STANDARD_LIBRARIES = YES;
				BUNDLE_LOADER = "$(TEST_HOST)";
				CODE_SIGN_STYLE = Automatic;
				INFOPLIST_FILE = DailyDoTests/Info.plist;
				IPHONEOS_DEPLOYMENT_TARGET = 14.5;
				LD_RUNPATH_SEARCH_PATHS = (
					"$(inherited)",
					"@executable_path/Frameworks",
					"@loader_path/Frameworks",
				);
				PRODUCT_BUNDLE_IDENTIFIER = com.patryksolinski.DailyDoTests;
				PRODUCT_NAME = "$(TARGET_NAME)";
				SWIFT_VERSION = 5.0;
				TARGETED_DEVICE_FAMILY = "1,2";
				TEST_HOST = "$(BUILT_PRODUCTS_DIR)/DailyDo.app/DailyDo";
			};
			name = Debug;
		};
		2D37E53A26985636000D8C20 /* Release */ = {
			isa = XCBuildConfiguration;
			buildSettings = {
				ALWAYS_EMBED_SWIFT_STANDARD_LIBRARIES = YES;
				BUNDLE_LOADER = "$(TEST_HOST)";
				CODE_SIGN_STYLE = Automatic;
				INFOPLIST_FILE = DailyDoTests/Info.plist;
				IPHONEOS_DEPLOYMENT_TARGET = 14.5;
				LD_RUNPATH_SEARCH_PATHS = (
					"$(inherited)",
					"@executable_path/Frameworks",
					"@loader_path/Frameworks",
				);
				PRODUCT_BUNDLE_IDENTIFIER = com.patryksolinski.DailyDoTests;
				PRODUCT_NAME = "$(TARGET_NAME)";
				SWIFT_VERSION = 5.0;
				TARGETED_DEVICE_FAMILY = "1,2";
				TEST_HOST = "$(BUILT_PRODUCTS_DIR)/DailyDo.app/DailyDo";
			};
			name = Release;
		};
		2D37E53C26985636000D8C20 /* Debug */ = {
			isa = XCBuildConfiguration;
			buildSettings = {
				ALWAYS_EMBED_SWIFT_STANDARD_LIBRARIES = YES;
				CODE_SIGN_STYLE = Automatic;
				INFOPLIST_FILE = DailyDoUITests/Info.plist;
				LD_RUNPATH_SEARCH_PATHS = (
					"$(inherited)",
					"@executable_path/Frameworks",
					"@loader_path/Frameworks",
				);
				PRODUCT_BUNDLE_IDENTIFIER = com.patryksolinski.DailyDoUITests;
				PRODUCT_NAME = "$(TARGET_NAME)";
				SWIFT_VERSION = 5.0;
				TARGETED_DEVICE_FAMILY = "1,2";
				TEST_TARGET_NAME = DailyDo;
			};
			name = Debug;
		};
		2D37E53D26985636000D8C20 /* Release */ = {
			isa = XCBuildConfiguration;
			buildSettings = {
				ALWAYS_EMBED_SWIFT_STANDARD_LIBRARIES = YES;
				CODE_SIGN_STYLE = Automatic;
				INFOPLIST_FILE = DailyDoUITests/Info.plist;
				LD_RUNPATH_SEARCH_PATHS = (
					"$(inherited)",
					"@executable_path/Frameworks",
					"@loader_path/Frameworks",
				);
				PRODUCT_BUNDLE_IDENTIFIER = com.patryksolinski.DailyDoUITests;
				PRODUCT_NAME = "$(TARGET_NAME)";
				SWIFT_VERSION = 5.0;
				TARGETED_DEVICE_FAMILY = "1,2";
				TEST_TARGET_NAME = DailyDo;
			};
			name = Release;
		};
/* End XCBuildConfiguration section */

/* Begin XCConfigurationList section */
		2D37E50626985634000D8C20 /* Build configuration list for PBXProject "DailyDo" */ = {
			isa = XCConfigurationList;
			buildConfigurations = (
				2D37E53326985636000D8C20 /* Debug */,
				2D37E53426985636000D8C20 /* Release */,
			);
			defaultConfigurationIsVisible = 0;
			defaultConfigurationName = Release;
		};
		2D37E53526985636000D8C20 /* Build configuration list for PBXNativeTarget "DailyDo" */ = {
			isa = XCConfigurationList;
			buildConfigurations = (
				2D37E53626985636000D8C20 /* Debug */,
				2D37E53726985636000D8C20 /* Release */,
			);
			defaultConfigurationIsVisible = 0;
			defaultConfigurationName = Release;
		};
		2D37E53826985636000D8C20 /* Build configuration list for PBXNativeTarget "DailyDoTests" */ = {
			isa = XCConfigurationList;
			buildConfigurations = (
				2D37E53926985636000D8C20 /* Debug */,
				2D37E53A26985636000D8C20 /* Release */,
			);
			defaultConfigurationIsVisible = 0;
			defaultConfigurationName = Release;
		};
		2D37E53B26985636000D8C20 /* Build configuration list for PBXNativeTarget "DailyDoUITests" */ = {
			isa = XCConfigurationList;
			buildConfigurations = (
				2D37E53C26985636000D8C20 /* Debug */,
				2D37E53D26985636000D8C20 /* Release */,
			);
			defaultConfigurationIsVisible = 0;
			defaultConfigurationName = Release;
		};
/* End XCConfigurationList section */
	};
	rootObject = 2D37E50326985634000D8C20 /* Project object */;
}
